
Microsoft Visual Studio Solution File, Format Version 12.00
# Visual Studio Version 17
VisualStudioVersion = 17.5.33627.172
MinimumVisualStudioVersion = 10.0.40219.1
Project("{FAE04EC0-301F-11D3-BF4B-00C04F79EFBC}") = "csharp-ef-players", "csharp-ef-players\csharp-ef-players.csproj", "{EEB82174-A607-4077-8766-D437D1CC4BA7}"
EndProject
Global
	GlobalSection(SolutionConfigurationPlatforms) = preSolution
		Debug|Any CPU = Debug|Any CPU
		Release|Any CPU = Release|Any CPU
	EndGlobalSection
	GlobalSection(ProjectConfigurationPlatforms) = postSolution
		{EEB82174-A607-4077-8766-D437D1CC4BA7}.Debug|Any CPU.ActiveCfg = Debug|Any CPU
		{EEB82174-A607-4077-8766-D437D1CC4BA7}.Debug|Any CPU.Build.0 = Debug|Any CPU
		{EEB82174-A607-4077-8766-D437D1CC4BA7}.Release|Any CPU.ActiveCfg = Release|Any CPU
		{EEB82174-A607-4077-8766-D437D1CC4BA7}.Release|Any CPU.Build.0 = Release|Any CPU
	EndGlobalSection
	GlobalSection(SolutionProperties) = preSolution
		HideSolutionNode = FALSE
	EndGlobalSection
	GlobalSection(ExtensibilityGlobals) = postSolution
		SolutionGuid = {8B9594AC-CE15-485B-B85C-03437741827E}
	EndGlobalSection
EndGlobal
